{
  "name": "ft_transcendence",
  "lockfileVersion": 3,
  "requires": true,
  "packages": {
    "": {
      "dependencies": {
        "@fastify/cookie": "^7.4.0"
      }
    },
    "node_modules/@fastify/cookie": {
      "version": "7.4.0",
      "resolved": "https://registry.npmjs.org/@fastify/cookie/-/cookie-7.4.0.tgz",
      "integrity": "sha512-82MUHsZJY/Wl+rG2E+bnYxSifOtNRChm2M+8xnZHnKtYmyNfLvy/37ElCtqD3KzUyTycR+GE7v7uiDD/tY4TkA==",
      "dependencies": {
        "cookie": "^0.5.0",
        "fastify-plugin": "^4.0.0"
      }
    },
    "node_modules/cookie": {
      "version": "0.5.0",
      "resolved": "https://registry.npmjs.org/cookie/-/cookie-0.5.0.tgz",
      "integrity": "sha512-YZ3GUyn/o8gfKJlnlX7g7xq4gyO6OSuhGPKaaGssGB2qgDUS0gPgtTvoyZLTt9Ab6dC4hfc9dV5arkvc/OCmrw==",
      "engines": {
        "node": ">= 0.6"
      }
    },
    "node_modules/fastify-plugin": {
      "version": "4.5.1",
      "resolved": "https://registry.npmjs.org/fastify-plugin/-/fastify-plugin-4.5.1.tgz",
      "integrity": "sha512-stRHYGeuqpEZTL1Ef0Ovr2ltazUT9g844X5z/zEBFLG8RYlpDiOCIG+ATvYEp+/zmc7sN29mcIMp8gvYplYPIQ=="
    }
  }
}
